{
  "version": 4,
  "terraform_version": "1.7.5",
  "serial": 19,
  "lineage": "e2b409a5-1a54-5163-4c80-ca6a16e70f0f",
  "outputs": {},
  "resources": [
    {
      "mode": "managed",
      "type": "aws_eks_access_entry",
      "name": "access",
      "provider": "provider[\"registry.terraform.io/hashicorp/aws\"]",
      "instances": [
        {
          "schema_version": 0,
          "attributes": {
            "access_entry_arn": "arn:aws:eks:us-east-1:094091489187:access-entry/teste-fiap/role/094091489187/voclabs/36c7628d-52e4-4395-9496-d6d944f94473",
            "cluster_name": "teste-fiap",
            "created_at": "2024-04-09T23:04:01Z",
            "id": "teste-fiap:arn:aws:iam::094091489187:role/voclabs",
            "kubernetes_groups": [
              "fiap",
              "pos-tech"
            ],
            "modified_at": "2024-04-09T23:04:01Z",
            "principal_arn": "arn:aws:iam::094091489187:role/voclabs",
            "tags": {},
            "tags_all": {},
            "timeouts": null,
            "type": "STANDARD",
            "user_name": "arn:aws:sts::094091489187:assumed-role/voclabs/{{SessionName}}"
          },
          "sensitive_attributes": [],
          "private": "eyJlMmJmYjczMC1lY2FhLTExZTYtOGY4OC0zNDM2M2JjN2M0YzAiOnsiY3JlYXRlIjo2MDAwMDAwMDAwMDAsImRlbGV0ZSI6NjAwMDAwMDAwMDAwfX0=",
          "dependencies": [
            "aws_eks_cluster.fiap"
          ]
        }
      ]
    },
    {
      "mode": "managed",
      "type": "aws_eks_access_policy_association",
      "name": "example",
      "provider": "provider[\"registry.terraform.io/hashicorp/aws\"]",
      "instances": [
        {
          "schema_version": 0,
          "attributes": {
            "access_scope": [
              {
                "namespaces": [],
                "type": "cluster"
              }
            ],
            "associated_at": "2024-04-09 23:27:32.65 +0000 UTC",
            "cluster_name": "teste-fiap",
            "id": "teste-fiap#arn:aws:iam::094091489187:role/voclabs#arn:aws:eks::aws:cluster-access-policy/AmazonEKSClusterAdminPolicy",
            "modified_at": "2024-04-09 23:27:32.65 +0000 UTC",
            "policy_arn": "arn:aws:eks::aws:cluster-access-policy/AmazonEKSClusterAdminPolicy",
            "principal_arn": "arn:aws:iam::094091489187:role/voclabs",
            "timeouts": null
          },
          "sensitive_attributes": [],
          "private": "eyJlMmJmYjczMC1lY2FhLTExZTYtOGY4OC0zNDM2M2JjN2M0YzAiOnsiY3JlYXRlIjo2MDAwMDAwMDAwMDAsImRlbGV0ZSI6NjAwMDAwMDAwMDAwfX0=",
          "dependencies": [
            "aws_eks_cluster.fiap"
          ]
        }
      ]
    },
    {
      "mode": "managed",
      "type": "aws_eks_cluster",
      "name": "fiap",
      "provider": "provider[\"registry.terraform.io/hashicorp/aws\"]",
      "instances": [
        {
          "schema_version": 0,
          "attributes": {
            "access_config": [
              {
                "authentication_mode": "API_AND_CONFIG_MAP",
                "bootstrap_cluster_creator_admin_permissions": false
              }
            ],
            "arn": "arn:aws:eks:us-east-1:094091489187:cluster/teste-fiap",
            "certificate_authority": [
              {
                "data": "LS0tLS1CRUdJTiBDRVJUSUZJQ0FURS0tLS0tCk1JSURCVENDQWUyZ0F3SUJBZ0lJSG5XS0VxUmpHcUF3RFFZSktvWklodmNOQVFFTEJRQXdGVEVUTUJFR0ExVUUKQXhNS2EzVmlaWEp1WlhSbGN6QWVGdzB5TkRBME1EWXdNRFV3TXpSYUZ3MHpOREEwTURRd01EVTFNelJhTUJVeApFekFSQmdOVkJBTVRDbXQxWW1WeWJtVjBaWE13Z2dFaU1BMEdDU3FHU0liM0RRRUJBUVVBQTRJQkR3QXdnZ0VLCkFvSUJBUUNmQjZrZXgrdUlodnNXVDJObjhtODNYdGtmYU1pNTJzTzBiSFNLbURwM3JFNlNGNDJCRVgrSHF3UXcKcmF5QUNPOEpGb3ZWVVZ0bkVwa0JHNU9BSXA0RmRvcUp6ZFVjSkQ3QWM4NE1BaWJMaWJHSm5HTFRDdEk3TXZWUgoyb3Z6UStrZ2x6eVE3c0V1dDJzRVV6S05GSE93UFl1a0ROM3ZZN29YRUI3d3RKclY4bzhFazdzQndaVWhqM1BWCnkwa2x1NGl4SzRRRzdNNTNXOTU0c2pOOGxEWTFTTTFVRllqSmdyQU1SQ25pMzlVbDZ5V1lxRURTTzdqdzN5M2UKakRhVmhJOXNGbHUyWGQrN0orenZodHdrNFM3UjBoZHZyQjFTQnBWQlRGbWl1cFJIRVJmYzJSZXVlVW4vWFJRbAoxWFdoU09NZU1EeFhGVUFSQnFkaHQ1bHpCeWxKQWdNQkFBR2pXVEJYTUE0R0ExVWREd0VCL3dRRUF3SUNwREFQCkJnTlZIUk1CQWY4RUJUQURBUUgvTUIwR0ExVWREZ1FXQkJSamlDU2lRNHpEYUVENmFYRGJPdnBZQzlpdVZEQVYKQmdOVkhSRUVEakFNZ2dwcmRXSmxjbTVsZEdWek1BMEdDU3FHU0liM0RRRUJDd1VBQTRJQkFRQWwwY3NaWWZTVgpPUHFjU3pBQ1AzSEk3Y1JxLzI2UDFWTWhtenk1cEVmVi9jc1l1S1hqOHZPeTFRME1mR3hLOGc5KzMvSWRWRkJFCko4VlJobU5ZWVBsTXZveEZucVNSTTd3YXVLZmgrOHo2SFUrVDM4QlV0UlR4SlljUkFIMmc2YVhCL0g3QkorK1YKWGlCU0dUbEk5Yndzczg0WkpKbTRrU0xrRFJ3Q0RQS3ZEV2dWeXFBdnJpMHpwbWdUbjdQVk44WjBwNllCMG1MVwpJRnkxelYySExNVjFRZWhQVnAxTUlSRFdHdGVjejBlb0J3dXJrOS85cGZCZnlLL205ZThPTWZoSDd0bVhVVFo5CnZEdnFyNmd2amhDdHVvVFNzTzlwTUZpaXVzR0Rrb0JoazNxU1hNSFQxVlc1WC9mWk5nSTNpSWcwVEQyaEtYZVQKOWlGRmVaQmF6bEhZCi0tLS0tRU5EIENFUlRJRklDQVRFLS0tLS0K"
              }
            ],
            "cluster_id": null,
            "created_at": "2024-04-06 00:50:20.499 +0000 UTC",
            "enabled_cluster_log_types": [],
            "encryption_config": [],
            "endpoint": "https://979EFB8680D37420453D5E850F995884.gr7.us-east-1.eks.amazonaws.com",
            "id": "teste-fiap",
            "identity": [
              {
                "oidc": [
                  {
                    "issuer": "https://oidc.eks.us-east-1.amazonaws.com/id/979EFB8680D37420453D5E850F995884"
                  }
                ]
              }
            ],
            "kubernetes_network_config": [
              {
                "ip_family": "ipv4",
                "service_ipv4_cidr": "172.20.0.0/16",
                "service_ipv6_cidr": ""
              }
            ],
            "name": "teste-fiap",
            "outpost_config": [],
            "platform_version": "eks.5",
            "role_arn": "arn:aws:iam::094091489187:role/LabRole",
            "status": "ACTIVE",
            "tags": {},
            "tags_all": {},
            "timeouts": null,
            "version": "1.29",
            "vpc_config": [
              {
                "cluster_security_group_id": "sg-075be430358b0309a",
                "endpoint_private_access": false,
                "endpoint_public_access": true,
                "public_access_cidrs": [
                  "0.0.0.0/0"
                ],
                "security_group_ids": [
                  "sg-01379b3d488d94d68"
                ],
                "subnet_ids": [
                  "subnet-005c35d75e647c5d4",
                  "subnet-0910b2fd9e6178349"
                ],
                "vpc_id": "vpc-0395ca69650c461b9"
              }
            ]
          },
          "sensitive_attributes": [],
          "private": "eyJlMmJmYjczMC1lY2FhLTExZTYtOGY4OC0zNDM2M2JjN2M0YzAiOnsiY3JlYXRlIjoxODAwMDAwMDAwMDAwLCJkZWxldGUiOjkwMDAwMDAwMDAwMCwidXBkYXRlIjozNjAwMDAwMDAwMDAwfX0="
        }
      ]
    },
    {
      "mode": "managed",
      "type": "aws_eks_node_group",
      "name": "node",
      "provider": "provider[\"registry.terraform.io/hashicorp/aws\"]",
      "instances": [
        {
          "schema_version": 0,
          "attributes": {
            "ami_type": "AL2_x86_64",
            "arn": "arn:aws:eks:us-east-1:094091489187:nodegroup/teste-fiap/node-fiap/aac762a2-1fef-2a2b-f6d7-dc3e37eb488d",
            "capacity_type": "SPOT",
            "cluster_name": "teste-fiap",
            "disk_size": 20,
            "force_update_version": null,
            "id": "teste-fiap:node-fiap",
            "instance_types": [
              "t3.micro"
            ],
            "labels": null,
            "launch_template": [],
            "node_group_name": "node-fiap",
            "node_group_name_prefix": "",
            "node_role_arn": "arn:aws:iam::094091489187:role/LabRole",
            "release_version": "1.29.0-20240329",
            "remote_access": [],
            "resources": [
              {
                "autoscaling_groups": [
                  {
                    "name": "eks-node-fiap-aac762a2-1fef-2a2b-f6d7-dc3e37eb488d"
                  }
                ],
                "remote_access_security_group_id": ""
              }
            ],
            "scaling_config": [
              {
                "desired_size": 1,
                "max_size": 3,
                "min_size": 0
              }
            ],
            "status": "ACTIVE",
            "subnet_ids": [
              "subnet-005c35d75e647c5d4",
              "subnet-0910b2fd9e6178349"
            ],
            "tags": null,
            "tags_all": {},
            "taint": [],
            "timeouts": null,
            "update_config": [
              {
                "max_unavailable": 1,
                "max_unavailable_percentage": 0
              }
            ],
            "version": "1.29"
          },
          "sensitive_attributes": [],
          "private": "eyJlMmJmYjczMC1lY2FhLTExZTYtOGY4OC0zNDM2M2JjN2M0YzAiOnsiY3JlYXRlIjozNjAwMDAwMDAwMDAwLCJkZWxldGUiOjM2MDAwMDAwMDAwMDAsInVwZGF0ZSI6MzYwMDAwMDAwMDAwMH19",
          "dependencies": [
            "aws_eks_cluster.fiap"
          ]
        }
      ]
    }
  ],
  "check_results": null
}
